
Microsoft Visual Studio Solution File, Format Version 12.00
# Visual Studio Version 17
VisualStudioVersion = 17.4.33122.133
MinimumVisualStudioVersion = 10.0.40219.1
Project("{FAE04EC0-301F-11D3-BF4B-00C04F79EFBC}") = "MTCG", "MTCG\MTCG.csproj", "{EB8AE644-D0BF-477B-9B77-83620CD9068B}"
EndProject
Project("{FAE04EC0-301F-11D3-BF4B-00C04F79EFBC}") = "MTCGUnitTests", "MTCGUnitTests\MTCGUnitTests.csproj", "{E954B637-6DC6-4489-9A66-1A4EB09507F3}"
EndProject
Global
	GlobalSection(SolutionConfigurationPlatforms) = preSolution
		Debug|Any CPU = Debug|Any CPU
		Release|Any CPU = Release|Any CPU
	EndGlobalSection
	GlobalSection(ProjectConfigurationPlatforms) = postSolution
		{EB8AE644-D0BF-477B-9B77-83620CD9068B}.Debug|Any CPU.ActiveCfg = Debug|Any CPU
		{EB8AE644-D0BF-477B-9B77-83620CD9068B}.Debug|Any CPU.Build.0 = Debug|Any CPU
		{EB8AE644-D0BF-477B-9B77-83620CD9068B}.Release|Any CPU.ActiveCfg = Release|Any CPU
		{EB8AE644-D0BF-477B-9B77-83620CD9068B}.Release|Any CPU.Build.0 = Release|Any CPU
		{E954B637-6DC6-4489-9A66-1A4EB09507F3}.Debug|Any CPU.ActiveCfg = Debug|Any CPU
		{E954B637-6DC6-4489-9A66-1A4EB09507F3}.Debug|Any CPU.Build.0 = Debug|Any CPU
		{E954B637-6DC6-4489-9A66-1A4EB09507F3}.Release|Any CPU.ActiveCfg = Release|Any CPU
		{E954B637-6DC6-4489-9A66-1A4EB09507F3}.Release|Any CPU.Build.0 = Release|Any CPU
	EndGlobalSection
	GlobalSection(SolutionProperties) = preSolution
		HideSolutionNode = FALSE
	EndGlobalSection
	GlobalSection(ExtensibilityGlobals) = postSolution
		SolutionGuid = {EDF568CA-795F-47FE-814D-0BFE0D2BBC02}
	EndGlobalSection
EndGlobal
